
Microsoft Visual Studio Solution File, Format Version 12.00
# Visual Studio 14
VisualStudioVersion = 14.0.25420.1
MinimumVisualStudioVersion = 10.0.40219.1
Project("{FAE04EC0-301F-11D3-BF4B-00C04F79EFBC}") = "WebTarea1", "WebTarea1\WebTarea1.csproj", "{A470FB11-3E6F-43AE-B32D-26C4B934CCA8}"
EndProject
Project("{FAE04EC0-301F-11D3-BF4B-00C04F79EFBC}") = "WebTarea1.Model", "WebTarea1.Model\WebTarea1.Model.csproj", "{F408070F-516A-4FB5-B09E-356781DAB34A}"
EndProject
Project("{FAE04EC0-301F-11D3-BF4B-00C04F79EFBC}") = "WebTarea1.Repository", "WebTarea1.Repository\WebTarea1.Repository.csproj", "{ED45F0D2-AC53-447F-AD57-AADE274AD020}"
EndProject
Global
	GlobalSection(SolutionConfigurationPlatforms) = preSolution
		Debug|Any CPU = Debug|Any CPU
		Release|Any CPU = Release|Any CPU
	EndGlobalSection
	GlobalSection(ProjectConfigurationPlatforms) = postSolution
		{A470FB11-3E6F-43AE-B32D-26C4B934CCA8}.Debug|Any CPU.ActiveCfg = Debug|Any CPU
		{A470FB11-3E6F-43AE-B32D-26C4B934CCA8}.Debug|Any CPU.Build.0 = Debug|Any CPU
		{A470FB11-3E6F-43AE-B32D-26C4B934CCA8}.Release|Any CPU.ActiveCfg = Release|Any CPU
		{A470FB11-3E6F-43AE-B32D-26C4B934CCA8}.Release|Any CPU.Build.0 = Release|Any CPU
		{F408070F-516A-4FB5-B09E-356781DAB34A}.Debug|Any CPU.ActiveCfg = Debug|Any CPU
		{F408070F-516A-4FB5-B09E-356781DAB34A}.Debug|Any CPU.Build.0 = Debug|Any CPU
		{F408070F-516A-4FB5-B09E-356781DAB34A}.Release|Any CPU.ActiveCfg = Release|Any CPU
		{F408070F-516A-4FB5-B09E-356781DAB34A}.Release|Any CPU.Build.0 = Release|Any CPU
		{ED45F0D2-AC53-447F-AD57-AADE274AD020}.Debug|Any CPU.ActiveCfg = Debug|Any CPU
		{ED45F0D2-AC53-447F-AD57-AADE274AD020}.Debug|Any CPU.Build.0 = Debug|Any CPU
		{ED45F0D2-AC53-447F-AD57-AADE274AD020}.Release|Any CPU.ActiveCfg = Release|Any CPU
		{ED45F0D2-AC53-447F-AD57-AADE274AD020}.Release|Any CPU.Build.0 = Release|Any CPU
	EndGlobalSection
	GlobalSection(SolutionProperties) = preSolution
		HideSolutionNode = FALSE
	EndGlobalSection
EndGlobal
